
Microsoft Visual Studio Solution File, Format Version 12.00
# Visual Studio Version 16
VisualStudioVersion = 16.0.30907.101
MinimumVisualStudioVersion = 10.0.40219.1
Project("{FAE04EC0-301F-11D3-BF4B-00C04F79EFBC}") = "Standard Dice Notation, The regex way", "Standard Dice Notation, The regex way.csproj", "{704E7F1B-0D15-4EDF-9459-9D1C24F8B594}"
EndProject
Global
	GlobalSection(SolutionConfigurationPlatforms) = preSolution
		Debug|Any CPU = Debug|Any CPU
		Release|Any CPU = Release|Any CPU
	EndGlobalSection
	GlobalSection(ProjectConfigurationPlatforms) = postSolution
		{704E7F1B-0D15-4EDF-9459-9D1C24F8B594}.Debug|Any CPU.ActiveCfg = Debug|Any CPU
		{704E7F1B-0D15-4EDF-9459-9D1C24F8B594}.Debug|Any CPU.Build.0 = Debug|Any CPU
		{704E7F1B-0D15-4EDF-9459-9D1C24F8B594}.Release|Any CPU.ActiveCfg = Release|Any CPU
		{704E7F1B-0D15-4EDF-9459-9D1C24F8B594}.Release|Any CPU.Build.0 = Release|Any CPU
	EndGlobalSection
	GlobalSection(SolutionProperties) = preSolution
		HideSolutionNode = FALSE
	EndGlobalSection
	GlobalSection(ExtensibilityGlobals) = postSolution
		SolutionGuid = {4933F803-7F77-4914-9C07-6A44AEDC9F5A}
	EndGlobalSection
EndGlobal
