
Microsoft Visual Studio Solution File, Format Version 12.00
# Visual Studio Version 16
VisualStudioVersion = 16.0.30611.23
MinimumVisualStudioVersion = 10.0.40219.1
Project("{FAE04EC0-301F-11D3-BF4B-00C04F79EFBC}") = "Monster Names", "Monster Names.csproj", "{6F2DBF5A-772B-4E2E-8C8E-C79013211DAF}"
EndProject
Global
	GlobalSection(SolutionConfigurationPlatforms) = preSolution
		Debug|Any CPU = Debug|Any CPU
		Release|Any CPU = Release|Any CPU
	EndGlobalSection
	GlobalSection(ProjectConfigurationPlatforms) = postSolution
		{6F2DBF5A-772B-4E2E-8C8E-C79013211DAF}.Debug|Any CPU.ActiveCfg = Debug|Any CPU
		{6F2DBF5A-772B-4E2E-8C8E-C79013211DAF}.Debug|Any CPU.Build.0 = Debug|Any CPU
		{6F2DBF5A-772B-4E2E-8C8E-C79013211DAF}.Release|Any CPU.ActiveCfg = Release|Any CPU
		{6F2DBF5A-772B-4E2E-8C8E-C79013211DAF}.Release|Any CPU.Build.0 = Release|Any CPU
	EndGlobalSection
	GlobalSection(SolutionProperties) = preSolution
		HideSolutionNode = FALSE
	EndGlobalSection
	GlobalSection(ExtensibilityGlobals) = postSolution
		SolutionGuid = {CB1D9E3F-24B5-4141-AA98-6223FABD14CC}
	EndGlobalSection
EndGlobal
