
Microsoft Visual Studio Solution File, Format Version 12.00
# Visual Studio Version 16
VisualStudioVersion = 16.0.30611.23
MinimumVisualStudioVersion = 10.0.40219.1
Project("{FAE04EC0-301F-11D3-BF4B-00C04F79EFBC}") = "Lost in Delvora - Text Adventure", "Lost in Delvora - Text Adventure.csproj", "{3AF3FD1A-84AA-41B8-B537-99233A6A3CCD}"
EndProject
Global
	GlobalSection(SolutionConfigurationPlatforms) = preSolution
		Debug|Any CPU = Debug|Any CPU
		Release|Any CPU = Release|Any CPU
	EndGlobalSection
	GlobalSection(ProjectConfigurationPlatforms) = postSolution
		{3AF3FD1A-84AA-41B8-B537-99233A6A3CCD}.Debug|Any CPU.ActiveCfg = Debug|Any CPU
		{3AF3FD1A-84AA-41B8-B537-99233A6A3CCD}.Debug|Any CPU.Build.0 = Debug|Any CPU
		{3AF3FD1A-84AA-41B8-B537-99233A6A3CCD}.Release|Any CPU.ActiveCfg = Release|Any CPU
		{3AF3FD1A-84AA-41B8-B537-99233A6A3CCD}.Release|Any CPU.Build.0 = Release|Any CPU
	EndGlobalSection
	GlobalSection(SolutionProperties) = preSolution
		HideSolutionNode = FALSE
	EndGlobalSection
	GlobalSection(ExtensibilityGlobals) = postSolution
		SolutionGuid = {F46C7F9C-BE6B-4080-9FC7-44A410D91492}
	EndGlobalSection
EndGlobal
