
Microsoft Visual Studio Solution File, Format Version 12.00
# Visual Studio Version 16
VisualStudioVersion = 16.0.30907.101
MinimumVisualStudioVersion = 10.0.40219.1
Project("{FAE04EC0-301F-11D3-BF4B-00C04F79EFBC}") = "Dice Notation", "Dice Notation.csproj", "{AD1DB3D0-04C7-4CCC-9F07-026489C3258C}"
EndProject
Global
	GlobalSection(SolutionConfigurationPlatforms) = preSolution
		Debug|Any CPU = Debug|Any CPU
		Release|Any CPU = Release|Any CPU
	EndGlobalSection
	GlobalSection(ProjectConfigurationPlatforms) = postSolution
		{AD1DB3D0-04C7-4CCC-9F07-026489C3258C}.Debug|Any CPU.ActiveCfg = Debug|Any CPU
		{AD1DB3D0-04C7-4CCC-9F07-026489C3258C}.Debug|Any CPU.Build.0 = Debug|Any CPU
		{AD1DB3D0-04C7-4CCC-9F07-026489C3258C}.Release|Any CPU.ActiveCfg = Release|Any CPU
		{AD1DB3D0-04C7-4CCC-9F07-026489C3258C}.Release|Any CPU.Build.0 = Release|Any CPU
	EndGlobalSection
	GlobalSection(SolutionProperties) = preSolution
		HideSolutionNode = FALSE
	EndGlobalSection
	GlobalSection(ExtensibilityGlobals) = postSolution
		SolutionGuid = {92F23032-2BE8-40AD-8085-CF9033454F5B}
	EndGlobalSection
EndGlobal
