
Microsoft Visual Studio Solution File, Format Version 12.00
# Visual Studio Version 16
VisualStudioVersion = 16.0.30503.244
MinimumVisualStudioVersion = 10.0.40219.1
Project("{FAE04EC0-301F-11D3-BF4B-00C04F79EFBC}") = "A better Join", "A better Join.csproj", "{FD0AEE54-7655-4536-8EE7-2F5CE103F01D}"
EndProject
Global
	GlobalSection(SolutionConfigurationPlatforms) = preSolution
		Debug|Any CPU = Debug|Any CPU
		Release|Any CPU = Release|Any CPU
	EndGlobalSection
	GlobalSection(ProjectConfigurationPlatforms) = postSolution
		{FD0AEE54-7655-4536-8EE7-2F5CE103F01D}.Debug|Any CPU.ActiveCfg = Debug|Any CPU
		{FD0AEE54-7655-4536-8EE7-2F5CE103F01D}.Debug|Any CPU.Build.0 = Debug|Any CPU
		{FD0AEE54-7655-4536-8EE7-2F5CE103F01D}.Release|Any CPU.ActiveCfg = Release|Any CPU
		{FD0AEE54-7655-4536-8EE7-2F5CE103F01D}.Release|Any CPU.Build.0 = Release|Any CPU
	EndGlobalSection
	GlobalSection(SolutionProperties) = preSolution
		HideSolutionNode = FALSE
	EndGlobalSection
	GlobalSection(ExtensibilityGlobals) = postSolution
		SolutionGuid = {CABD2B29-F001-4FCF-BA9D-47BFC8EFC92E}
	EndGlobalSection
EndGlobal
