
Microsoft Visual Studio Solution File, Format Version 12.00
# Visual Studio Version 16
VisualStudioVersion = 16.0.30907.101
MinimumVisualStudioVersion = 10.0.40219.1
Project("{FAE04EC0-301F-11D3-BF4B-00C04F79EFBC}") = "Maze game", "Maze game.csproj", "{43FFB235-3A1F-4D45-A044-9F84F22A38C6}"
EndProject
Global
	GlobalSection(SolutionConfigurationPlatforms) = preSolution
		Debug|Any CPU = Debug|Any CPU
		Release|Any CPU = Release|Any CPU
	EndGlobalSection
	GlobalSection(ProjectConfigurationPlatforms) = postSolution
		{43FFB235-3A1F-4D45-A044-9F84F22A38C6}.Debug|Any CPU.ActiveCfg = Debug|Any CPU
		{43FFB235-3A1F-4D45-A044-9F84F22A38C6}.Debug|Any CPU.Build.0 = Debug|Any CPU
		{43FFB235-3A1F-4D45-A044-9F84F22A38C6}.Release|Any CPU.ActiveCfg = Release|Any CPU
		{43FFB235-3A1F-4D45-A044-9F84F22A38C6}.Release|Any CPU.Build.0 = Release|Any CPU
	EndGlobalSection
	GlobalSection(SolutionProperties) = preSolution
		HideSolutionNode = FALSE
	EndGlobalSection
	GlobalSection(ExtensibilityGlobals) = postSolution
		SolutionGuid = {9981B8D1-22A3-44D6-8428-3735987BDDDF}
	EndGlobalSection
EndGlobal
